
Microsoft Visual Studio Solution File, Format Version 12.00
# Visual Studio Version 16
VisualStudioVersion = 16.0.29613.14
MinimumVisualStudioVersion = 10.0.40219.1
Project("{FAE04EC0-301F-11D3-BF4B-00C04F79EFBC}") = "SFVPakMods", "SFVPakMods\SFVPakMods.csproj", "{E286DDFF-B0A9-43E4-9769-DFFAB02DC9F0}"
EndProject
Global
	GlobalSection(SolutionConfigurationPlatforms) = preSolution
		Debug|Any CPU = Debug|Any CPU
		Release|Any CPU = Release|Any CPU
	EndGlobalSection
	GlobalSection(ProjectConfigurationPlatforms) = postSolution
		{E286DDFF-B0A9-43E4-9769-DFFAB02DC9F0}.Debug|Any CPU.ActiveCfg = Debug|Any CPU
		{E286DDFF-B0A9-43E4-9769-DFFAB02DC9F0}.Debug|Any CPU.Build.0 = Debug|Any CPU
		{E286DDFF-B0A9-43E4-9769-DFFAB02DC9F0}.Release|Any CPU.ActiveCfg = Release|Any CPU
		{E286DDFF-B0A9-43E4-9769-DFFAB02DC9F0}.Release|Any CPU.Build.0 = Release|Any CPU
	EndGlobalSection
	GlobalSection(SolutionProperties) = preSolution
		HideSolutionNode = FALSE
	EndGlobalSection
	GlobalSection(ExtensibilityGlobals) = postSolution
		SolutionGuid = {22DCFE1C-97C2-463F-BC30-811F11317029}
	EndGlobalSection
EndGlobal
